// !$*UTF8*$!
{
	archiveVersion = 1;
	classes = {
	};
	objectVersion = 46;
	objects = {

/* Begin PBXBuildFile section */
		5CFE62111BF6913900F66F7C /* AppDelegate.swift in Sources */ = {isa = PBXBuildFile; fileRef = 5CFE62101BF6913900F66F7C /* AppDelegate.swift */; };
		5CFE62131BF6913900F66F7C /* ViewController.swift in Sources */ = {isa = PBXBuildFile; fileRef = 5CFE62121BF6913900F66F7C /* ViewController.swift */; };
		5CFE62161BF6913900F66F7C /* Main.storyboard in Resources */ = {isa = PBXBuildFile; fileRef = 5CFE62141BF6913900F66F7C /* Main.storyboard */; };
		5CFE62181BF6913900F66F7C /* Assets.xcassets in Resources */ = {isa = PBXBuildFile; fileRef = 5CFE62171BF6913900F66F7C /* Assets.xcassets */; };
		5CFE621B1BF6913900F66F7C /* LaunchScreen.storyboard in Resources */ = {isa = PBXBuildFile; fileRef = 5CFE62191BF6913900F66F7C /* LaunchScreen.storyboard */; };
		5CFE62261BF6913900F66F7C /* PizzaTests.swift in Sources */ = {isa = PBXBuildFile; fileRef = 5CFE62251BF6913900F66F7C /* PizzaTests.swift */; };
		5CFE62311BF6913900F66F7C /* PizzaUITests.swift in Sources */ = {isa = PBXBuildFile; fileRef = 5CFE62301BF6913900F66F7C /* PizzaUITests.swift */; };
/* End PBXBuildFile section */

/* Begin PBXContainerItemProxy section */
		5CFE62221BF6913900F66F7C /* PBXContainerItemProxy */ = {
			isa = PBXContainerItemProxy;
			containerPortal = 5CFE62051BF6913900F66F7C /* Project object */;
			proxyType = 1;
			remoteGlobalIDString = 5CFE620C1BF6913900F66F7C;
			remoteInfo = Pizza;
		};
		5CFE622D1BF6913900F66F7C /* PBXContainerItemProxy */ = {
			isa = PBXContainerItemProxy;
			containerPortal = 5CFE62051BF6913900F66F7C /* Project object */;
			proxyType = 1;
			remoteGlobalIDString = 5CFE620C1BF6913900F66F7C;
			remoteInfo = Pizza;
		};
/* End PBXContainerItemProxy section */

/* Begin PBXFileReference section */
		5CFE620D1BF6913900F66F7C /* Pizza.app */ = {isa = PBXFileReference; explicitFileType = wrapper.application; includeInIndex = 0; path = Pizza.app; sourceTree = BUILT_PRODUCTS_DIR; };
		5CFE62101BF6913900F66F7C /* AppDelegate.swift */ = {isa = PBXFileReference; lastKnownFileType = sourcecode.swift; path = AppDelegate.swift; sourceTree = "<group>"; };
		5CFE62121BF6913900F66F7C /* ViewController.swift */ = {isa = PBXFileReference; lastKnownFileType = sourcecode.swift; path = ViewController.swift; sourceTree = "<group>"; };
		5CFE62151BF6913900F66F7C /* Base */ = {isa = PBXFileReference; lastKnownFileType = file.storyboard; name = Base; path = Base.lproj/Main.storyboard; sourceTree = "<group>"; };
		5CFE62171BF6913900F66F7C /* Assets.xcassets */ = {isa = PBXFileReference; lastKnownFileType = folder.assetcatalog; path = Assets.xcassets; sourceTree = "<group>"; };
		5CFE621A1BF6913900F66F7C /* Base */ = {isa = PBXFileReference; lastKnownFileType = file.storyboard; name = Base; path = Base.lproj/LaunchScreen.storyboard; sourceTree = "<group>"; };
		5CFE621C1BF6913900F66F7C /* Info.plist */ = {isa = PBXFileReference; lastKnownFileType = text.plist.xml; path = Info.plist; sourceTree = "<group>"; };
		5CFE62211BF6913900F66F7C /* PizzaTests.xctest */ = {isa = PBXFileReference; explicitFileType = wrapper.cfbundle; includeInIndex = 0; path = PizzaTests.xctest; sourceTree = BUILT_PRODUCTS_DIR; };
		5CFE62251BF6913900F66F7C /* PizzaTests.swift */ = {isa = PBXFileReference; lastKnownFileType = sourcecode.swift; path = PizzaTests.swift; sourceTree = "<group>"; };
		5CFE62271BF6913900F66F7C /* Info.plist */ = {isa = PBXFileReference; lastKnownFileType = text.plist.xml; path = Info.plist; sourceTree = "<group>"; };
		5CFE622C1BF6913900F66F7C /* PizzaUITests.xctest */ = {isa = PBXFileReference; explicitFileType = wrapper.cfbundle; includeInIndex = 0; path = PizzaUITests.xctest; sourceTree = BUILT_PRODUCTS_DIR; };
		5CFE62301BF6913900F66F7C /* PizzaUITests.swift */ = {isa = PBXFileReference; lastKnownFileType = sourcecode.swift; path = PizzaUITests.swift; sourceTree = "<group>"; };
		5CFE62321BF6913900F66F7C /* Info.plist */ = {isa = PBXFileReference; lastKnownFileType = text.plist.xml; path = Info.plist; sourceTree = "<group>"; };
/* End PBXFileReference section */

/* Begin PBXFrameworksBuildPhase section */
		5CFE620A1BF6913900F66F7C /* Frameworks */ = {
			isa = PBXFrameworksBuildPhase;
			buildActionMask = 2147483647;
			files = (
			);
			runOnlyForDeploymentPostprocessing = 0;
		};
		5CFE621E1BF6913900F66F7C /* Frameworks */ = {
			isa = PBXFrameworksBuildPhase;
			buildActionMask = 2147483647;
			files = (
			);
			runOnlyForDeploymentPostprocessing = 0;
		};
		5CFE62291BF6913900F66F7C /* Frameworks */ = {
			isa = PBXFrameworksBuildPhase;
			buildActionMask = 2147483647;
			files = (
			);
			runOnlyForDeploymentPostprocessing = 0;
		};
/* End PBXFrameworksBuildPhase section */

/* Begin PBXGroup section */
		5CFE62041BF6913900F66F7C = {
			isa = PBXGroup;
			children = (
				5CFE620F1BF6913900F66F7C /* Pizza */,
				5CFE62241BF6913900F66F7C /* PizzaTests */,
				5CFE622F1BF6913900F66F7C /* PizzaUITests */,
				5CFE620E1BF6913900F66F7C /* Products */,
			);
			sourceTree = "<group>";
		};
		5CFE620E1BF6913900F66F7C /* Products */ = {
			isa = PBXGroup;
			children = (
				5CFE620D1BF6913900F66F7C /* Pizza.app */,
				5CFE62211BF6913900F66F7C /* PizzaTests.xctest */,
				5CFE622C1BF6913900F66F7C /* PizzaUITests.xctest */,
			);
			name = Products;
			sourceTree = "<group>";
		};
		5CFE620F1BF6913900F66F7C /* Pizza */ = {
			isa = PBXGroup;
			children = (
				5CFE62101BF6913900F66F7C /* AppDelegate.swift */,
				5CFE62121BF6913900F66F7C /* ViewController.swift */,
				5CFE62141BF6913900F66F7C /* Main.storyboard */,
				5CFE62171BF6913900F66F7C /* Assets.xcassets */,
				5CFE62191BF6913900F66F7C /* LaunchScreen.storyboard */,
				5CFE621C1BF6913900F66F7C /* Info.plist */,
			);
			path = Pizza;
			sourceTree = "<group>";
		};
		5CFE62241BF6913900F66F7C /* PizzaTests */ = {
			isa = PBXGroup;
			children = (
				5CFE62251BF6913900F66F7C /* PizzaTests.swift */,
				5CFE62271BF6913900F66F7C /* Info.plist */,
			);
			path = PizzaTests;
			sourceTree = "<group>";
		};
		5CFE622F1BF6913900F66F7C /* PizzaUITests */ = {
			isa = PBXGroup;
			children = (
				5CFE62301BF6913900F66F7C /* PizzaUITests.swift */,
				5CFE62321BF6913900F66F7C /* Info.plist */,
			);
			path = PizzaUITests;
			sourceTree = "<group>";
		};
/* End PBXGroup section */

/* Begin PBXNativeTarget section */
		5CFE620C1BF6913900F66F7C /* Pizza */ = {
			isa = PBXNativeTarget;
			buildConfigurationList = 5CFE62351BF6913900F66F7C /* Build configuration list for PBXNativeTarget "Pizza" */;
			buildPhases = (
				5CFE62091BF6913900F66F7C /* Sources */,
				5CFE620A1BF6913900F66F7C /* Frameworks */,
				5CFE620B1BF6913900F66F7C /* Resources */,
			);
			buildRules = (
			);
			dependencies = (
			);
			name = Pizza;
			productName = Pizza;
			productReference = 5CFE620D1BF6913900F66F7C /* Pizza.app */;
			productType = "com.apple.product-type.application";
		};
		5CFE62201BF6913900F66F7C /* PizzaTests */ = {
			isa = PBXNativeTarget;
			buildConfigurationList = 5CFE62381BF6913900F66F7C /* Build configuration list for PBXNativeTarget "PizzaTests" */;
			buildPhases = (
				5CFE621D1BF6913900F66F7C /* Sources */,
				5CFE621E1BF6913900F66F7C /* Frameworks */,
				5CFE621F1BF6913900F66F7C /* Resources */,
			);
			buildRules = (
			);
			dependencies = (
				5CFE62231BF6913900F66F7C /* PBXTargetDependency */,
			);
			name = PizzaTests;
			productName = PizzaTests;
			productReference = 5CFE62211BF6913900F66F7C /* PizzaTests.xctest */;
			productType = "com.apple.product-type.bundle.unit-test";
		};
		5CFE622B1BF6913900F66F7C /* PizzaUITests */ = {
			isa = PBXNativeTarget;
			buildConfigurationList = 5CFE623B1BF6913900F66F7C /* Build configuration list for PBXNativeTarget "PizzaUITests" */;
			buildPhases = (
				5CFE62281BF6913900F66F7C /* Sources */,
				5CFE62291BF6913900F66F7C /* Frameworks */,
				5CFE622A1BF6913900F66F7C /* Resources */,
			);
			buildRules = (
			);
			dependencies = (
				5CFE622E1BF6913900F66F7C /* PBXTargetDependency */,
			);
			name = PizzaUITests;
			productName = PizzaUITests;
			productReference = 5CFE622C1BF6913900F66F7C /* PizzaUITests.xctest */;
			productType = "com.apple.product-type.bundle.ui-testing";
		};
/* End PBXNativeTarget section */

/* Begin PBXProject section */
		5CFE62051BF6913900F66F7C /* Project object */ = {
			isa = PBXProject;
			attributes = {
				LastSwiftUpdateCheck = 0720;
				LastUpgradeCheck = 0720;
				ORGANIZATIONNAME = "Mavi Díaz";
				TargetAttributes = {
					5CFE620C1BF6913900F66F7C = {
						CreatedOnToolsVersion = 7.2;
					};
					5CFE62201BF6913900F66F7C = {
						CreatedOnToolsVersion = 7.2;
						TestTargetID = 5CFE620C1BF6913900F66F7C;
					};
					5CFE622B1BF6913900F66F7C = {
						CreatedOnToolsVersion = 7.2;
						TestTargetID = 5CFE620C1BF6913900F66F7C;
					};
				};
			};
			buildConfigurationList = 5CFE62081BF6913900F66F7C /* Build configuration list for PBXProject "Pizza" */;
			compatibilityVersion = "Xcode 3.2";
			developmentRegion = English;
			hasScannedForEncodings = 0;
			knownRegions = (
				en,
				Base,
			);
			mainGroup = 5CFE62041BF6913900F66F7C;
			productRefGroup = 5CFE620E1BF6913900F66F7C /* Products */;
			projectDirPath = "";
			projectRoot = "";
			targets = (
				5CFE620C1BF6913900F66F7C /* Pizza */,
				5CFE62201BF6913900F66F7C /* PizzaTests */,
				5CFE622B1BF6913900F66F7C /* PizzaUITests */,
			);
		};
/* End PBXProject section */

/* Begin PBXResourcesBuildPhase section */
		5CFE620B1BF6913900F66F7C /* Resources */ = {
			isa = PBXResourcesBuildPhase;
			buildActionMask = 2147483647;
			files = (
				5CFE621B1BF6913900F66F7C /* LaunchScreen.storyboard in Resources */,
				5CFE62181BF6913900F66F7C /* Assets.xcassets in Resources */,
				5CFE62161BF6913900F66F7C /* Main.storyboard in Resources */,
			);
			runOnlyForDeploymentPostprocessing = 0;
		};
		5CFE621F1BF6913900F66F7C /* Resources */ = {
			isa = PBXResourcesBuildPhase;
			buildActionMask = 2147483647;
			files = (
			);
			runOnlyForDeploymentPostprocessing = 0;
		};
		5CFE622A1BF6913900F66F7C /* Resources */ = {
			isa = PBXResourcesBuildPhase;
			buildActionMask = 2147483647;
			files = (
			);
			runOnlyForDeploymentPostprocessing = 0;
		};
/* End PBXResourcesBuildPhase section */

/* Begin PBXSourcesBuildPhase section */
		5CFE62091BF6913900F66F7C /* Sources */ = {
			isa = PBXSourcesBuildPhase;
			buildActionMask = 2147483647;
			files = (
				5CFE62131BF6913900F66F7C /* ViewController.swift in Sources */,
				5CFE62111BF6913900F66F7C /* AppDelegate.swift in Sources */,
			);
			runOnlyForDeploymentPostprocessing = 0;
		};
		5CFE621D1BF6913900F66F7C /* Sources */ = {
			isa = PBXSourcesBuildPhase;
			buildActionMask = 2147483647;
			files = (
				5CFE62261BF6913900F66F7C /* PizzaTests.swift in Sources */,
			);
			runOnlyForDeploymentPostprocessing = 0;
		};
		5CFE62281BF6913900F66F7C /* Sources */ = {
			isa = PBXSourcesBuildPhase;
			buildActionMask = 2147483647;
			files = (
				5CFE62311BF6913900F66F7C /* PizzaUITests.swift in Sources */,
			);
			runOnlyForDeploymentPostprocessing = 0;
		};
/* End PBXSourcesBuildPhase section */

/* Begin PBXTargetDependency section */
		5CFE62231BF6913900F66F7C /* PBXTargetDependency */ = {
			isa = PBXTargetDependency;
			target = 5CFE620C1BF6913900F66F7C /* Pizza */;
			targetProxy = 5CFE62221BF6913900F66F7C /* PBXContainerItemProxy */;
		};
		5CFE622E1BF6913900F66F7C /* PBXTargetDependency */ = {
			isa = PBXTargetDependency;
			target = 5CFE620C1BF6913900F66F7C /* Pizza */;
			targetProxy = 5CFE622D1BF6913900F66F7C /* PBXContainerItemProxy */;
		};
/* End PBXTargetDependency section */

/* Begin PBXVariantGroup section */
		5CFE62141BF6913900F66F7C /* Main.storyboard */ = {
			isa = PBXVariantGroup;
			children = (
				5CFE62151BF6913900F66F7C /* Base */,
			);
			name = Main.storyboard;
			sourceTree = "<group>";
		};
		5CFE62191BF6913900F66F7C /* LaunchScreen.storyboard */ = {
			isa = PBXVariantGroup;
			children = (
				5CFE621A1BF6913900F66F7C /* Base */,
			);
			name = LaunchScreen.storyboard;
			sourceTree = "<group>";
		};
/* End PBXVariantGroup section */

/* Begin XCBuildConfiguration section */
		5CFE62331BF6913900F66F7C /* Debug */ = {
			isa = XCBuildConfiguration;
			buildSettings = {
				ALWAYS_SEARCH_USER_PATHS = NO;
				CLANG_CXX_LANGUAGE_STANDARD = "gnu++0x";
				CLANG_CXX_LIBRARY = "libc++";
				CLANG_ENABLE_MODULES = YES;
				CLANG_ENABLE_OBJC_ARC = YES;
				CLANG_WARN_BOOL_CONVERSION = YES;
				CLANG_WARN_CONSTANT_CONVERSION = YES;
				CLANG_WARN_DIRECT_OBJC_ISA_USAGE = YES_ERROR;
				CLANG_WARN_EMPTY_BODY = YES;
				CLANG_WARN_ENUM_CONVERSION = YES;
				CLANG_WARN_INT_CONVERSION = YES;
				CLANG_WARN_OBJC_ROOT_CLASS = YES_ERROR;
				CLANG_WARN_UNREACHABLE_CODE = YES;
				CLANG_WARN__DUPLICATE_METHOD_MATCH = YES;
				"CODE_SIGN_IDENTITY[sdk=iphoneos*]" = "iPhone Developer";
				COPY_PHASE_STRIP = NO;
				DEBUG_INFORMATION_FORMAT = dwarf;
				ENABLE_STRICT_OBJC_MSGSEND = YES;
				ENABLE_TESTABILITY = YES;
				GCC_C_LANGUAGE_STANDARD = gnu99;
				GCC_DYNAMIC_NO_PIC = NO;
				GCC_NO_COMMON_BLOCKS = YES;
				GCC_OPTIMIZATION_LEVEL = 0;
				GCC_PREPROCESSOR_DEFINITIONS = (
					"DEBUG=1",
					"$(inherited)",
				);
				GCC_WARN_64_TO_32_BIT_CONVERSION = YES;
				GCC_WARN_ABOUT_RETURN_TYPE = YES_ERROR;
				GCC_WARN_UNDECLARED_SELECTOR = YES;
				GCC_WARN_UNINITIALIZED_AUTOS = YES_AGGRESSIVE;
				GCC_WARN_UNUSED_FUNCTION = YES;
				GCC_WARN_UNUSED_VARIABLE = YES;
				IPHONEOS_DEPLOYMENT_TARGET = 9.2;
				MTL_ENABLE_DEBUG_INFO = YES;
				ONLY_ACTIVE_ARCH = YES;
				SDKROOT = iphoneos;
				SWIFT_OPTIMIZATION_LEVEL = "-Onone";
			};
			name = Debug;
		};
		5CFE62341BF6913900F66F7C /* Release */ = {
			isa = XCBuildConfiguration;
			buildSettings = {
				ALWAYS_SEARCH_USER_PATHS = NO;
				CLANG_CXX_LANGUAGE_STANDARD = "gnu++0x";
				CLANG_CXX_LIBRARY = "libc++";
				CLANG_ENABLE_MODULES = YES;
				CLANG_ENABLE_OBJC_ARC = YES;
				CLANG_WARN_BOOL_CONVERSION = YES;
				CLANG_WARN_CONSTANT_CONVERSION = YES;
				CLANG_WARN_DIRECT_OBJC_ISA_USAGE = YES_ERROR;
				CLANG_WARN_EMPTY_BODY = YES;
				CLANG_WARN_ENUM_CONVERSION = YES;
				CLANG_WARN_INT_CONVERSION = YES;
				CLANG_WARN_OBJC_ROOT_CLASS = YES_ERROR;
				CLANG_WARN_UNREACHABLE_CODE = YES;
				CLANG_WARN__DUPLICATE_METHOD_MATCH = YES;
				"CODE_SIGN_IDENTITY[sdk=iphoneos*]" = "iPhone Developer";
				COPY_PHASE_STRIP = NO;
				DEBUG_INFORMATION_FORMAT = "dwarf-with-dsym";
				ENABLE_NS_ASSERTIONS = NO;
				ENABLE_STRICT_OBJC_MSGSEND = YES;
				GCC_C_LANGUAGE_STANDARD = gnu99;
				GCC_NO_COMMON_BLOCKS = YES;
				GCC_WARN_64_TO_32_BIT_CONVERSION = YES;
				GCC_WARN_ABOUT_RETURN_TYPE = YES_ERROR;
				GCC_WARN_UNDECLARED_SELECTOR = YES;
				GCC_WARN_UNINITIALIZED_AUTOS = YES_AGGRESSIVE;
				GCC_WARN_UNUSED_FUNCTION = YES;
				GCC_WARN_UNUSED_VARIABLE = YES;
				IPHONEOS_DEPLOYMENT_TARGET = 9.2;
				MTL_ENABLE_DEBUG_INFO = NO;
				SDKROOT = iphoneos;
				VALIDATE_PRODUCT = YES;
			};
			name = Release;
		};
		5CFE62361BF6913900F66F7C /* Debug */ = {
			isa = XCBuildConfiguration;
			buildSettings = {
				ASSETCATALOG_COMPILER_APPICON_NAME = AppIcon;
				INFOPLIST_FILE = Pizza/Info.plist;
				LD_RUNPATH_SEARCH_PATHS = "$(inherited) @executable_path/Frameworks";
				PRODUCT_BUNDLE_IDENTIFIER = coursera.Pizza;
				PRODUCT_NAME = "$(TARGET_NAME)";
			};
			name = Debug;
		};
		5CFE62371BF6913900F66F7C /* Release */ = {
			isa = XCBuildConfiguration;
			buildSettings = {
				ASSETCATALOG_COMPILER_APPICON_NAME = AppIcon;
				INFOPLIST_FILE = Pizza/Info.plist;
				LD_RUNPATH_SEARCH_PATHS = "$(inherited) @executable_path/Frameworks";
				PRODUCT_BUNDLE_IDENTIFIER = coursera.Pizza;
				PRODUCT_NAME = "$(TARGET_NAME)";
			};
			name = Release;
		};
		5CFE62391BF6913900F66F7C /* Debug */ = {
			isa = XCBuildConfiguration;
			buildSettings = {
				BUNDLE_LOADER = "$(TEST_HOST)";
				INFOPLIST_FILE = PizzaTests/Info.plist;
				LD_RUNPATH_SEARCH_PATHS = "$(inherited) @executable_path/Frameworks @loader_path/Frameworks";
				PRODUCT_BUNDLE_IDENTIFIER = coursera.PizzaTests;
				PRODUCT_NAME = "$(TARGET_NAME)";
				TEST_HOST = "$(BUILT_PRODUCTS_DIR)/Pizza.app/Pizza";
			};
			name = Debug;
		};
		5CFE623A1BF6913900F66F7C /* Release */ = {
			isa = XCBuildConfiguration;
			buildSettings = {
				BUNDLE_LOADER = "$(TEST_HOST)";
				INFOPLIST_FILE = PizzaTests/Info.plist;
				LD_RUNPATH_SEARCH_PATHS = "$(inherited) @executable_path/Frameworks @loader_path/Frameworks";
				PRODUCT_BUNDLE_IDENTIFIER = coursera.PizzaTests;
				PRODUCT_NAME = "$(TARGET_NAME)";
				TEST_HOST = "$(BUILT_PRODUCTS_DIR)/Pizza.app/Pizza";
			};
			name = Release;
		};
		5CFE623C1BF6913900F66F7C /* Debug */ = {
			isa = XCBuildConfiguration;
			buildSettings = {
				INFOPLIST_FILE = PizzaUITests/Info.plist;
				LD_RUNPATH_SEARCH_PATHS = "$(inherited) @executable_path/Frameworks @loader_path/Frameworks";
				PRODUCT_BUNDLE_IDENTIFIER = coursera.PizzaUITests;
				PRODUCT_NAME = "$(TARGET_NAME)";
				TEST_TARGET_NAME = Pizza;
				USES_XCTRUNNER = YES;
			};
			name = Debug;
		};
		5CFE623D1BF6913900F66F7C /* Release */ = {
			isa = XCBuildConfiguration;
			buildSettings = {
				INFOPLIST_FILE = PizzaUITests/Info.plist;
				LD_RUNPATH_SEARCH_PATHS = "$(inherited) @executable_path/Frameworks @loader_path/Frameworks";
				PRODUCT_BUNDLE_IDENTIFIER = coursera.PizzaUITests;
				PRODUCT_NAME = "$(TARGET_NAME)";
				TEST_TARGET_NAME = Pizza;
				USES_XCTRUNNER = YES;
			};
			name = Release;
		};
/* End XCBuildConfiguration section */

/* Begin XCConfigurationList section */
		5CFE62081BF6913900F66F7C /* Build configuration list for PBXProject "Pizza" */ = {
			isa = XCConfigurationList;
			buildConfigurations = (
				5CFE62331BF6913900F66F7C /* Debug */,
				5CFE62341BF6913900F66F7C /* Release */,
			);
			defaultConfigurationIsVisible = 0;
			defaultConfigurationName = Release;
		};
		5CFE62351BF6913900F66F7C /* Build configuration list for PBXNativeTarget "Pizza" */ = {
			isa = XCConfigurationList;
			buildConfigurations = (
				5CFE62361BF6913900F66F7C /* Debug */,
				5CFE62371BF6913900F66F7C /* Release */,
			);
			defaultConfigurationIsVisible = 0;
		};
		5CFE62381BF6913900F66F7C /* Build configuration list for PBXNativeTarget "PizzaTests" */ = {
			isa = XCConfigurationList;
			buildConfigurations = (
				5CFE62391BF6913900F66F7C /* Debug */,
				5CFE623A1BF6913900F66F7C /* Release */,
			);
			defaultConfigurationIsVisible = 0;
		};
		5CFE623B1BF6913900F66F7C /* Build configuration list for PBXNativeTarget "PizzaUITests" */ = {
			isa = XCConfigurationList;
			buildConfigurations = (
				5CFE623C1BF6913900F66F7C /* Debug */,
				5CFE623D1BF6913900F66F7C /* Release */,
			);
			defaultConfigurationIsVisible = 0;
		};
/* End XCConfigurationList section */
	};
	rootObject = 5CFE62051BF6913900F66F7C /* Project object */;
}
